// !$*UTF8*$!
{
	archiveVersion = 1;
	classes = {
	};
	objectVersion = 46;
	objects = {

/* Begin PBXBuildFile section */
		91B1A5CF1F39E642001D836C /* AppDelegate.swift in Sources */ = {isa = PBXBuildFile; fileRef = 91B1A5CE1F39E642001D836C /* AppDelegate.swift */; };
		91B1A5D11F39E642001D836C /* ViewController.swift in Sources */ = {isa = PBXBuildFile; fileRef = 91B1A5D01F39E642001D836C /* ViewController.swift */; };
		91B1A5D41F39E642001D836C /* Main.storyboard in Resources */ = {isa = PBXBuildFile; fileRef = 91B1A5D21F39E642001D836C /* Main.storyboard */; };
		91B1A5D61F39E642001D836C /* Assets.xcassets in Resources */ = {isa = PBXBuildFile; fileRef = 91B1A5D51F39E642001D836C /* Assets.xcassets */; };
		91B1A5D91F39E642001D836C /* LaunchScreen.storyboard in Resources */ = {isa = PBXBuildFile; fileRef = 91B1A5D71F39E642001D836C /* LaunchScreen.storyboard */; };
		91B1A5E31F39E8FC001D836C /* menu.swift in Sources */ = {isa = PBXBuildFile; fileRef = 91B1A5E21F39E8FC001D836C /* menu.swift */; };
		91B1A5E51F39EB2B001D836C /* menu.json in Resources */ = {isa = PBXBuildFile; fileRef = 91B1A5E41F39EB2B001D836C /* menu.json */; };
/* End PBXBuildFile section */

/* Begin PBXFileReference section */
		91B1A5CB1F39E642001D836C /* JSONpractice.app */ = {isa = PBXFileReference; explicitFileType = wrapper.application; includeInIndex = 0; path = JSONpractice.app; sourceTree = BUILT_PRODUCTS_DIR; };
		91B1A5CE1F39E642001D836C /* AppDelegate.swift */ = {isa = PBXFileReference; lastKnownFileType = sourcecode.swift; path = AppDelegate.swift; sourceTree = "<group>"; };
		91B1A5D01F39E642001D836C /* ViewController.swift */ = {isa = PBXFileReference; lastKnownFileType = sourcecode.swift; path = ViewController.swift; sourceTree = "<group>"; };
		91B1A5D31F39E642001D836C /* Base */ = {isa = PBXFileReference; lastKnownFileType = file.storyboard; name = Base; path = Base.lproj/Main.storyboard; sourceTree = "<group>"; };
		91B1A5D51F39E642001D836C /* Assets.xcassets */ = {isa = PBXFileReference; lastKnownFileType = folder.assetcatalog; path = Assets.xcassets; sourceTree = "<group>"; };
		91B1A5D81F39E642001D836C /* Base */ = {isa = PBXFileReference; lastKnownFileType = file.storyboard; name = Base; path = Base.lproj/LaunchScreen.storyboard; sourceTree = "<group>"; };
		91B1A5DA1F39E642001D836C /* Info.plist */ = {isa = PBXFileReference; lastKnownFileType = text.plist.xml; path = Info.plist; sourceTree = "<group>"; };
		91B1A5E21F39E8FC001D836C /* menu.swift */ = {isa = PBXFileReference; fileEncoding = 4; lastKnownFileType = sourcecode.swift; path = menu.swift; sourceTree = "<group>"; };
		91B1A5E41F39EB2B001D836C /* menu.json */ = {isa = PBXFileReference; fileEncoding = 4; lastKnownFileType = text.json; name = menu.json; path = ../../../menu.json; sourceTree = "<group>"; };
/* End PBXFileReference section */

/* Begin PBXFrameworksBuildPhase section */
		91B1A5C81F39E642001D836C /* Frameworks */ = {
			isa = PBXFrameworksBuildPhase;
			buildActionMask = 2147483647;
			files = (
			);
			runOnlyForDeploymentPostprocessing = 0;
		};
/* End PBXFrameworksBuildPhase section */

/* Begin PBXGroup section */
		91B1A5C21F39E642001D836C = {
			isa = PBXGroup;
			children = (
				91B1A5CD1F39E642001D836C /* JSONpractice */,
				91B1A5CC1F39E642001D836C /* Products */,
			);
			sourceTree = "<group>";
		};
		91B1A5CC1F39E642001D836C /* Products */ = {
			isa = PBXGroup;
			children = (
				91B1A5CB1F39E642001D836C /* JSONpractice.app */,
			);
			name = Products;
			sourceTree = "<group>";
		};
		91B1A5CD1F39E642001D836C /* JSONpractice */ = {
			isa = PBXGroup;
			children = (
				91B1A5E41F39EB2B001D836C /* menu.json */,
				91B1A5CE1F39E642001D836C /* AppDelegate.swift */,
				91B1A5D01F39E642001D836C /* ViewController.swift */,
				91B1A5D21F39E642001D836C /* Main.storyboard */,
				91B1A5D51F39E642001D836C /* Assets.xcassets */,
				91B1A5D71F39E642001D836C /* LaunchScreen.storyboard */,
				91B1A5DA1F39E642001D836C /* Info.plist */,
				91B1A5E21F39E8FC001D836C /* menu.swift */,
			);
			path = JSONpractice;
			sourceTree = "<group>";
		};
/* End PBXGroup section */

/* Begin PBXNativeTarget section */
		91B1A5CA1F39E642001D836C /* JSONpractice */ = {
			isa = PBXNativeTarget;
			buildConfigurationList = 91B1A5DD1F39E642001D836C /* Build configuration list for PBXNativeTarget "JSONpractice" */;
			buildPhases = (
				91B1A5C71F39E642001D836C /* Sources */,
				91B1A5C81F39E642001D836C /* Frameworks */,
				91B1A5C91F39E642001D836C /* Resources */,
			);
			buildRules = (
			);
			dependencies = (
			);
			name = JSONpractice;
			productName = JSONpractice;
			productReference = 91B1A5CB1F39E642001D836C /* JSONpractice.app */;
			productType = "com.apple.product-type.application";
		};
/* End PBXNativeTarget section */

/* Begin PBXProject section */
		91B1A5C31F39E642001D836C /* Project object */ = {
			isa = PBXProject;
			attributes = {
				LastSwiftUpdateCheck = 0830;
				LastUpgradeCheck = 0830;
				ORGANIZATIONNAME = Braaaaap;
				TargetAttributes = {
					91B1A5CA1F39E642001D836C = {
						CreatedOnToolsVersion = 8.3.2;
						ProvisioningStyle = Automatic;
					};
				};
			};
			buildConfigurationList = 91B1A5C61F39E642001D836C /* Build configuration list for PBXProject "JSONpractice" */;
			compatibilityVersion = "Xcode 3.2";
			developmentRegion = English;
			hasScannedForEncodings = 0;
			knownRegions = (
				en,
				Base,
			);
			mainGroup = 91B1A5C21F39E642001D836C;
			productRefGroup = 91B1A5CC1F39E642001D836C /* Products */;
			projectDirPath = "";
			projectRoot = "";
			targets = (
				91B1A5CA1F39E642001D836C /* JSONpractice */,
			);
		};
/* End PBXProject section */

/* Begin PBXResourcesBuildPhase section */
		91B1A5C91F39E642001D836C /* Resources */ = {
			isa = PBXResourcesBuildPhase;
			buildActionMask = 2147483647;
			files = (
				91B1A5D91F39E642001D836C /* LaunchScreen.storyboard in Resources */,
				91B1A5D61F39E642001D836C /* Assets.xcassets in Resources */,
				91B1A5E51F39EB2B001D836C /* menu.json in Resources */,
				91B1A5D41F39E642001D836C /* Main.storyboard in Resources */,
			);
			runOnlyForDeploymentPostprocessing = 0;
		};
/* End PBXResourcesBuildPhase section */

/* Begin PBXSourcesBuildPhase section */
		91B1A5C71F39E642001D836C /* Sources */ = {
			isa = PBXSourcesBuildPhase;
			buildActionMask = 2147483647;
			files = (
				91B1A5D11F39E642001D836C /* ViewController.swift in Sources */,
				91B1A5CF1F39E642001D836C /* AppDelegate.swift in Sources */,
				91B1A5E31F39E8FC001D836C /* menu.swift in Sources */,
			);
			runOnlyForDeploymentPostprocessing = 0;
		};
/* End PBXSourcesBuildPhase section */

/* Begin PBXVariantGroup section */
		91B1A5D21F39E642001D836C /* Main.storyboard */ = {
			isa = PBXVariantGroup;
			children = (
				91B1A5D31F39E642001D836C /* Base */,
			);
			name = Main.storyboard;
			sourceTree = "<group>";
		};
		91B1A5D71F39E642001D836C /* LaunchScreen.storyboard */ = {
			isa = PBXVariantGroup;
			children = (
				91B1A5D81F39E642001D836C /* Base */,
			);
			name = LaunchScreen.storyboard;
			sourceTree = "<group>";
		};
/* End PBXVariantGroup section */

/* Begin XCBuildConfiguration section */
		91B1A5DB1F39E642001D836C /* Debug */ = {
			isa = XCBuildConfiguration;
			buildSettings = {
				ALWAYS_SEARCH_USER_PATHS = NO;
				CLANG_ANALYZER_NONNULL = YES;
				CLANG_ANALYZER_NUMBER_OBJECT_CONVERSION = YES_AGGRESSIVE;
				CLANG_CXX_LANGUAGE_STANDARD = "gnu++0x";
				CLANG_CXX_LIBRARY = "libc++";
				CLANG_ENABLE_MODULES = YES;
				CLANG_ENABLE_OBJC_ARC = YES;
				CLANG_WARN_BOOL_CONVERSION = YES;
				CLANG_WARN_CONSTANT_CONVERSION = YES;
				CLANG_WARN_DIRECT_OBJC_ISA_USAGE = YES_ERROR;
				CLANG_WARN_DOCUMENTATION_COMMENTS = YES;
				CLANG_WARN_EMPTY_BODY = YES;
				CLANG_WARN_ENUM_CONVERSION = YES;
				CLANG_WARN_INFINITE_RECURSION = YES;
				CLANG_WARN_INT_CONVERSION = YES;
				CLANG_WARN_OBJC_ROOT_CLASS = YES_ERROR;
				CLANG_WARN_SUSPICIOUS_MOVE = YES;
				CLANG_WARN_UNREACHABLE_CODE = YES;
				CLANG_WARN__DUPLICATE_METHOD_MATCH = YES;
				"CODE_SIGN_IDENTITY[sdk=iphoneos*]" = "iPhone Developer";
				COPY_PHASE_STRIP = NO;
				DEBUG_INFORMATION_FORMAT = dwarf;
				ENABLE_STRICT_OBJC_MSGSEND = YES;
				ENABLE_TESTABILITY = YES;
				GCC_C_LANGUAGE_STANDARD = gnu99;
				GCC_DYNAMIC_NO_PIC = NO;
				GCC_NO_COMMON_BLOCKS = YES;
				GCC_OPTIMIZATION_LEVEL = 0;
				GCC_PREPROCESSOR_DEFINITIONS = (
					"DEBUG=1",
					"$(inherited)",
				);
				GCC_WARN_64_TO_32_BIT_CONVERSION = YES;
				GCC_WARN_ABOUT_RETURN_TYPE = YES_ERROR;
				GCC_WARN_UNDECLARED_SELECTOR = YES;
				GCC_WARN_UNINITIALIZED_AUTOS = YES_AGGRESSIVE;
				GCC_WARN_UNUSED_FUNCTION = YES;
				GCC_WARN_UNUSED_VARIABLE = YES;
				IPHONEOS_DEPLOYMENT_TARGET = 10.3;
				MTL_ENABLE_DEBUG_INFO = YES;
				ONLY_ACTIVE_ARCH = YES;
				SDKROOT = iphoneos;
				SWIFT_ACTIVE_COMPILATION_CONDITIONS = DEBUG;
				SWIFT_OPTIMIZATION_LEVEL = "-Onone";
			};
			name = Debug;
		};
		91B1A5DC1F39E642001D836C /* Release */ = {
			isa = XCBuildConfiguration;
			buildSettings = {
				ALWAYS_SEARCH_USER_PATHS = NO;
				CLANG_ANALYZER_NONNULL = YES;
				CLANG_ANALYZER_NUMBER_OBJECT_CONVERSION = YES_AGGRESSIVE;
				CLANG_CXX_LANGUAGE_STANDARD = "gnu++0x";
				CLANG_CXX_LIBRARY = "libc++";
				CLANG_ENABLE_MODULES = YES;
				CLANG_ENABLE_OBJC_ARC = YES;
				CLANG_WARN_BOOL_CONVERSION = YES;
				CLANG_WARN_CONSTANT_CONVERSION = YES;
				CLANG_WARN_DIRECT_OBJC_ISA_USAGE = YES_ERROR;
				CLANG_WARN_DOCUMENTATION_COMMENTS = YES;
				CLANG_WARN_EMPTY_BODY = YES;
				CLANG_WARN_ENUM_CONVERSION = YES;
				CLANG_WARN_INFINITE_RECURSION = YES;
				CLANG_WARN_INT_CONVERSION = YES;
				CLANG_WARN_OBJC_ROOT_CLASS = YES_ERROR;
				CLANG_WARN_SUSPICIOUS_MOVE = YES;
				CLANG_WARN_UNREACHABLE_CODE = YES;
				CLANG_WARN__DUPLICATE_METHOD_MATCH = YES;
				"CODE_SIGN_IDENTITY[sdk=iphoneos*]" = "iPhone Developer";
				COPY_PHASE_STRIP = NO;
				DEBUG_INFORMATION_FORMAT = "dwarf-with-dsym";
				ENABLE_NS_ASSERTIONS = NO;
				ENABLE_STRICT_OBJC_MSGSEND = YES;
				GCC_C_LANGUAGE_STANDARD = gnu99;
				GCC_NO_COMMON_BLOCKS = YES;
				GCC_WARN_64_TO_32_BIT_CONVERSION = YES;
				GCC_WARN_ABOUT_RETURN_TYPE = YES_ERROR;
				GCC_WARN_UNDECLARED_SELECTOR = YES;
				GCC_WARN_UNINITIALIZED_AUTOS = YES_AGGRESSIVE;
				GCC_WARN_UNUSED_FUNCTION = YES;
				GCC_WARN_UNUSED_VARIABLE = YES;
				IPHONEOS_DEPLOYMENT_TARGET = 10.3;
				MTL_ENABLE_DEBUG_INFO = NO;
				SDKROOT = iphoneos;
				SWIFT_OPTIMIZATION_LEVEL = "-Owholemodule";
				VALIDATE_PRODUCT = YES;
			};
			name = Release;
		};
		91B1A5DE1F39E642001D836C /* Debug */ = {
			isa = XCBuildConfiguration;
			buildSettings = {
				ASSETCATALOG_COMPILER_APPICON_NAME = AppIcon;
				INFOPLIST_FILE = JSONpractice/Info.plist;
				LD_RUNPATH_SEARCH_PATHS = "$(inherited) @executable_path/Frameworks";
				PRODUCT_BUNDLE_IDENTIFIER = com.braaaaap.JSONpractice;
				PRODUCT_NAME = "$(TARGET_NAME)";
				SWIFT_VERSION = 3.0;
			};
			name = Debug;
		};
		91B1A5DF1F39E642001D836C /* Release */ = {
			isa = XCBuildConfiguration;
			buildSettings = {
				ASSETCATALOG_COMPILER_APPICON_NAME = AppIcon;
				INFOPLIST_FILE = JSONpractice/Info.plist;
				LD_RUNPATH_SEARCH_PATHS = "$(inherited) @executable_path/Frameworks";
				PRODUCT_BUNDLE_IDENTIFIER = com.braaaaap.JSONpractice;
				PRODUCT_NAME = "$(TARGET_NAME)";
				SWIFT_VERSION = 3.0;
			};
			name = Release;
		};
/* End XCBuildConfiguration section */

/* Begin XCConfigurationList section */
		91B1A5C61F39E642001D836C /* Build configuration list for PBXProject "JSONpractice" */ = {
			isa = XCConfigurationList;
			buildConfigurations = (
				91B1A5DB1F39E642001D836C /* Debug */,
				91B1A5DC1F39E642001D836C /* Release */,
			);
			defaultConfigurationIsVisible = 0;
			defaultConfigurationName = Release;
		};
		91B1A5DD1F39E642001D836C /* Build configuration list for PBXNativeTarget "JSONpractice" */ = {
			isa = XCConfigurationList;
			buildConfigurations = (
				91B1A5DE1F39E642001D836C /* Debug */,
				91B1A5DF1F39E642001D836C /* Release */,
			);
			defaultConfigurationIsVisible = 0;
		};
/* End XCConfigurationList section */
	};
	rootObject = 91B1A5C31F39E642001D836C /* Project object */;
}
